// !$*UTF8*$!
{
	archiveVersion = 1;
	classes = {
	};
	objectVersion = 55;
	objects = {

/* Begin PBXBuildFile section */
		50231CF32828FF40004C1D1D /* APIClient.swift in Sources */ = {isa = PBXBuildFile; fileRef = 50231CD52828FF40004C1D1D /* APIClient.swift */; };
		50231CF42828FF40004C1D1D /* PhotosRequest.swift in Sources */ = {isa = PBXBuildFile; fileRef = 50231CD62828FF40004C1D1D /* PhotosRequest.swift */; };
		50231CF52828FF40004C1D1D /* APIRequest.swift in Sources */ = {isa = PBXBuildFile; fileRef = 50231CD72828FF40004C1D1D /* APIRequest.swift */; };
		50231CF72828FF40004C1D1D /* UIViewController+Extensions.swift in Sources */ = {isa = PBXBuildFile; fileRef = 50231CDB2828FF40004C1D1D /* UIViewController+Extensions.swift */; };
		50231CF82828FF40004C1D1D /* UIView+Extensions.swift in Sources */ = {isa = PBXBuildFile; fileRef = 50231CDC2828FF40004C1D1D /* UIView+Extensions.swift */; };
		50231CF92828FF40004C1D1D /* String+Extensions.swift in Sources */ = {isa = PBXBuildFile; fileRef = 50231CDD2828FF40004C1D1D /* String+Extensions.swift */; };
		50231CFA2828FF40004C1D1D /* UIColor+Extenstions.swift in Sources */ = {isa = PBXBuildFile; fileRef = 50231CDE2828FF40004C1D1D /* UIColor+Extenstions.swift */; };
		50231CFB2828FF40004C1D1D /* UIFont+Extensions.swift in Sources */ = {isa = PBXBuildFile; fileRef = 50231CDF2828FF40004C1D1D /* UIFont+Extensions.swift */; };
		50231CFC2828FF40004C1D1D /* UILabelFactory.swift in Sources */ = {isa = PBXBuildFile; fileRef = 50231CE02828FF40004C1D1D /* UILabelFactory.swift */; };
		50231CFD2828FF40004C1D1D /* Result.swift in Sources */ = {isa = PBXBuildFile; fileRef = 50231CE32828FF40004C1D1D /* Result.swift */; };
		50231CFE2828FF40004C1D1D /* Coordinator.swift in Sources */ = {isa = PBXBuildFile; fileRef = 50231CE42828FF40004C1D1D /* Coordinator.swift */; };
		50231CFF2828FF40004C1D1D /* RxUITableViewCell.swift in Sources */ = {isa = PBXBuildFile; fileRef = 50231CE62828FF40004C1D1D /* RxUITableViewCell.swift */; };
		50231D002828FF40004C1D1D /* ReusableCollectionViewCellViewModelType.swift in Sources */ = {isa = PBXBuildFile; fileRef = 50231CE82828FF40004C1D1D /* ReusableCollectionViewCellViewModelType.swift */; };
		50231D012828FF40004C1D1D /* ReuseableTableVeiwCellViewModelType.swift in Sources */ = {isa = PBXBuildFile; fileRef = 50231CE92828FF40004C1D1D /* ReuseableTableVeiwCellViewModelType.swift */; };
		50231D022828FF40004C1D1D /* UIImageViewFactory.swift in Sources */ = {isa = PBXBuildFile; fileRef = 50231CEB2828FF40004C1D1D /* UIImageViewFactory.swift */; };
		50231D032828FF40004C1D1D /* UIStackViewFactory.swift in Sources */ = {isa = PBXBuildFile; fileRef = 50231CEC2828FF40004C1D1D /* UIStackViewFactory.swift */; };
		50231D042828FF40004C1D1D /* UIButtonFactory.swift in Sources */ = {isa = PBXBuildFile; fileRef = 50231CED2828FF40004C1D1D /* UIButtonFactory.swift */; };
		50231D052828FF40004C1D1D /* APPLayout.swift in Sources */ = {isa = PBXBuildFile; fileRef = 50231CEF2828FF40004C1D1D /* APPLayout.swift */; };
		50231D062828FF40004C1D1D /* APPLayoutAttributes.swift in Sources */ = {isa = PBXBuildFile; fileRef = 50231CF02828FF40004C1D1D /* APPLayoutAttributes.swift */; };
		50231D072828FF40004C1D1D /* ApiRepository.swift in Sources */ = {isa = PBXBuildFile; fileRef = 50231CF22828FF40004C1D1D /* ApiRepository.swift */; };
		50231D0B2829362E004C1D1D /* AppCoordinator.swift in Sources */ = {isa = PBXBuildFile; fileRef = 50231D0A2829362E004C1D1D /* AppCoordinator.swift */; };
		50231D0E28293754004C1D1D /* GalleryViewModel.swift in Sources */ = {isa = PBXBuildFile; fileRef = 50231D0D28293754004C1D1D /* GalleryViewModel.swift */; };
		50231D1028294034004C1D1D /* GalleryCoordinator.swift in Sources */ = {isa = PBXBuildFile; fileRef = 50231D0F28294034004C1D1D /* GalleryCoordinator.swift */; };
		50231D122829431F004C1D1D /* Photos.swift in Sources */ = {isa = PBXBuildFile; fileRef = 50231D112829431F004C1D1D /* Photos.swift */; };
		50231D162829523A004C1D1D /* PhotoCell.swift in Sources */ = {isa = PBXBuildFile; fileRef = 50231D142829523A004C1D1D /* PhotoCell.swift */; };
		50231D172829523A004C1D1D /* PhotoCellViewModel.swift in Sources */ = {isa = PBXBuildFile; fileRef = 50231D152829523A004C1D1D /* PhotoCellViewModel.swift */; };
		50457967282AAF7F00C21465 /* PhotoController.swift in Sources */ = {isa = PBXBuildFile; fileRef = 50457966282AAF7F00C21465 /* PhotoController.swift */; };
		50457969282AAF9400C21465 /* PhotoViewModel.swift in Sources */ = {isa = PBXBuildFile; fileRef = 50457968282AAF9400C21465 /* PhotoViewModel.swift */; };
		50457999282AD8B700C21465 /* RxUICollectionViewCell.swift in Sources */ = {isa = PBXBuildFile; fileRef = 50457998282AD8B700C21465 /* RxUICollectionViewCell.swift */; };
		5081FE1A282C0D0E00E6587D /* data.json in Resources */ = {isa = PBXBuildFile; fileRef = 5081FE14282C0D0E00E6587D /* data.json */; };
		5081FE1B282C0D0E00E6587D /* DecodableTestCase.swift in Sources */ = {isa = PBXBuildFile; fileRef = 5081FE16282C0D0E00E6587D /* DecodableTestCase.swift */; };
		5081FE1C282C0D0E00E6587D /* Data+Extensions.swift in Sources */ = {isa = PBXBuildFile; fileRef = 5081FE17282C0D0E00E6587D /* Data+Extensions.swift */; };
		5081FE1D282C0D0E00E6587D /* ApiResponseTests.swift in Sources */ = {isa = PBXBuildFile; fileRef = 5081FE19282C0D0E00E6587D /* ApiResponseTests.swift */; };
		509ED07328268A8000C888D2 /* AppDelegate.swift in Sources */ = {isa = PBXBuildFile; fileRef = 509ED07228268A8000C888D2 /* AppDelegate.swift */; };
		509ED07728268A8000C888D2 /* GalleryController.swift in Sources */ = {isa = PBXBuildFile; fileRef = 509ED07628268A8000C888D2 /* GalleryController.swift */; };
		509ED07C28268A8200C888D2 /* Assets.xcassets in Resources */ = {isa = PBXBuildFile; fileRef = 509ED07B28268A8200C888D2 /* Assets.xcassets */; };
		509ED07F28268A8200C888D2 /* LaunchScreen.storyboard in Resources */ = {isa = PBXBuildFile; fileRef = 509ED07D28268A8200C888D2 /* LaunchScreen.storyboard */; };
		509ED08A28268A8200C888D2 /* CodingChallengeTests.swift in Sources */ = {isa = PBXBuildFile; fileRef = 509ED08928268A8200C888D2 /* CodingChallengeTests.swift */; };
		509ED09428268A8200C888D2 /* CodingChallengeUITests.swift in Sources */ = {isa = PBXBuildFile; fileRef = 509ED09328268A8200C888D2 /* CodingChallengeUITests.swift */; };
		509ED09628268A8200C888D2 /* CodingChallengeUITestsLaunchTests.swift in Sources */ = {isa = PBXBuildFile; fileRef = 509ED09528268A8200C888D2 /* CodingChallengeUITestsLaunchTests.swift */; };
		5BC5488FA98682E1BC1418AF /* Pods_CodingChallenge_CodingChallengeUITests.framework in Frameworks */ = {isa = PBXBuildFile; fileRef = 17D738DED506FE6AD1C87283 /* Pods_CodingChallenge_CodingChallengeUITests.framework */; };
		7B67380157005C02D55E350C /* Pods_CodingChallenge.framework in Frameworks */ = {isa = PBXBuildFile; fileRef = EAE56D6C834C6BE5B1030C42 /* Pods_CodingChallenge.framework */; };
		9E4487AE5F0E1449A8162BCB /* Pods_CodingChallengeTests.framework in Frameworks */ = {isa = PBXBuildFile; fileRef = CF3485262883273E8E0E4FDE /* Pods_CodingChallengeTests.framework */; };
/* End PBXBuildFile section */

/* Begin PBXContainerItemProxy section */
		509ED08628268A8200C888D2 /* PBXContainerItemProxy */ = {
			isa = PBXContainerItemProxy;
			containerPortal = 509ED06728268A8000C888D2 /* Project object */;
			proxyType = 1;
			remoteGlobalIDString = 509ED06E28268A8000C888D2;
			remoteInfo = CodingChallenge;
		};
		509ED09028268A8200C888D2 /* PBXContainerItemProxy */ = {
			isa = PBXContainerItemProxy;
			containerPortal = 509ED06728268A8000C888D2 /* Project object */;
			proxyType = 1;
			remoteGlobalIDString = 509ED06E28268A8000C888D2;
			remoteInfo = CodingChallenge;
		};
/* End PBXContainerItemProxy section */

/* Begin PBXFileReference section */
		17D738DED506FE6AD1C87283 /* Pods_CodingChallenge_CodingChallengeUITests.framework */ = {isa = PBXFileReference; explicitFileType = wrapper.framework; includeInIndex = 0; path = Pods_CodingChallenge_CodingChallengeUITests.framework; sourceTree = BUILT_PRODUCTS_DIR; };
		50231CD52828FF40004C1D1D /* APIClient.swift */ = {isa = PBXFileReference; fileEncoding = 4; lastKnownFileType = sourcecode.swift; path = APIClient.swift; sourceTree = "<group>"; };
		50231CD62828FF40004C1D1D /* PhotosRequest.swift */ = {isa = PBXFileReference; fileEncoding = 4; lastKnownFileType = sourcecode.swift; path = PhotosRequest.swift; sourceTree = "<group>"; };
		50231CD72828FF40004C1D1D /* APIRequest.swift */ = {isa = PBXFileReference; fileEncoding = 4; lastKnownFileType = sourcecode.swift; path = APIRequest.swift; sourceTree = "<group>"; };
		50231CDB2828FF40004C1D1D /* UIViewController+Extensions.swift */ = {isa = PBXFileReference; fileEncoding = 4; lastKnownFileType = sourcecode.swift; path = "UIViewController+Extensions.swift"; sourceTree = "<group>"; };
		50231CDC2828FF40004C1D1D /* UIView+Extensions.swift */ = {isa = PBXFileReference; fileEncoding = 4; lastKnownFileType = sourcecode.swift; path = "UIView+Extensions.swift"; sourceTree = "<group>"; };
		50231CDD2828FF40004C1D1D /* String+Extensions.swift */ = {isa = PBXFileReference; fileEncoding = 4; lastKnownFileType = sourcecode.swift; path = "String+Extensions.swift"; sourceTree = "<group>"; };
		50231CDE2828FF40004C1D1D /* UIColor+Extenstions.swift */ = {isa = PBXFileReference; fileEncoding = 4; lastKnownFileType = sourcecode.swift; path = "UIColor+Extenstions.swift"; sourceTree = "<group>"; };
		50231CDF2828FF40004C1D1D /* UIFont+Extensions.swift */ = {isa = PBXFileReference; fileEncoding = 4; lastKnownFileType = sourcecode.swift; path = "UIFont+Extensions.swift"; sourceTree = "<group>"; };
		50231CE02828FF40004C1D1D /* UILabelFactory.swift */ = {isa = PBXFileReference; fileEncoding = 4; lastKnownFileType = sourcecode.swift; path = UILabelFactory.swift; sourceTree = "<group>"; };
		50231CE32828FF40004C1D1D /* Result.swift */ = {isa = PBXFileReference; fileEncoding = 4; lastKnownFileType = sourcecode.swift; path = Result.swift; sourceTree = "<group>"; };
		50231CE42828FF40004C1D1D /* Coordinator.swift */ = {isa = PBXFileReference; fileEncoding = 4; lastKnownFileType = sourcecode.swift; path = Coordinator.swift; sourceTree = "<group>"; };
		50231CE62828FF40004C1D1D /* RxUITableViewCell.swift */ = {isa = PBXFileReference; fileEncoding = 4; lastKnownFileType = sourcecode.swift; path = RxUITableViewCell.swift; sourceTree = "<group>"; };
		50231CE82828FF40004C1D1D /* ReusableCollectionViewCellViewModelType.swift */ = {isa = PBXFileReference; fileEncoding = 4; lastKnownFileType = sourcecode.swift; path = ReusableCollectionViewCellViewModelType.swift; sourceTree = "<group>"; };
		50231CE92828FF40004C1D1D /* ReuseableTableVeiwCellViewModelType.swift */ = {isa = PBXFileReference; fileEncoding = 4; lastKnownFileType = sourcecode.swift; path = ReuseableTableVeiwCellViewModelType.swift; sourceTree = "<group>"; };
		50231CEB2828FF40004C1D1D /* UIImageViewFactory.swift */ = {isa = PBXFileReference; fileEncoding = 4; lastKnownFileType = sourcecode.swift; path = UIImageViewFactory.swift; sourceTree = "<group>"; };
		50231CEC2828FF40004C1D1D /* UIStackViewFactory.swift */ = {isa = PBXFileReference; fileEncoding = 4; lastKnownFileType = sourcecode.swift; path = UIStackViewFactory.swift; sourceTree = "<group>"; };
		50231CED2828FF40004C1D1D /* UIButtonFactory.swift */ = {isa = PBXFileReference; fileEncoding = 4; lastKnownFileType = sourcecode.swift; path = UIButtonFactory.swift; sourceTree = "<group>"; };
		50231CEF2828FF40004C1D1D /* APPLayout.swift */ = {isa = PBXFileReference; fileEncoding = 4; lastKnownFileType = sourcecode.swift; path = APPLayout.swift; sourceTree = "<group>"; };
		50231CF02828FF40004C1D1D /* APPLayoutAttributes.swift */ = {isa = PBXFileReference; fileEncoding = 4; lastKnownFileType = sourcecode.swift; path = APPLayoutAttributes.swift; sourceTree = "<group>"; };
		50231CF22828FF40004C1D1D /* ApiRepository.swift */ = {isa = PBXFileReference; fileEncoding = 4; lastKnownFileType = sourcecode.swift; path = ApiRepository.swift; sourceTree = "<group>"; };
		50231D0A2829362E004C1D1D /* AppCoordinator.swift */ = {isa = PBXFileReference; lastKnownFileType = sourcecode.swift; path = AppCoordinator.swift; sourceTree = "<group>"; };
		50231D0D28293754004C1D1D /* GalleryViewModel.swift */ = {isa = PBXFileReference; lastKnownFileType = sourcecode.swift; path = GalleryViewModel.swift; sourceTree = "<group>"; };
		50231D0F28294034004C1D1D /* GalleryCoordinator.swift */ = {isa = PBXFileReference; lastKnownFileType = sourcecode.swift; path = GalleryCoordinator.swift; sourceTree = "<group>"; };
		50231D112829431F004C1D1D /* Photos.swift */ = {isa = PBXFileReference; lastKnownFileType = sourcecode.swift; path = Photos.swift; sourceTree = "<group>"; };
		50231D142829523A004C1D1D /* PhotoCell.swift */ = {isa = PBXFileReference; fileEncoding = 4; lastKnownFileType = sourcecode.swift; path = PhotoCell.swift; sourceTree = "<group>"; };
		50231D152829523A004C1D1D /* PhotoCellViewModel.swift */ = {isa = PBXFileReference; fileEncoding = 4; lastKnownFileType = sourcecode.swift; path = PhotoCellViewModel.swift; sourceTree = "<group>"; };
		50457966282AAF7F00C21465 /* PhotoController.swift */ = {isa = PBXFileReference; lastKnownFileType = sourcecode.swift; path = PhotoController.swift; sourceTree = "<group>"; };
		50457968282AAF9400C21465 /* PhotoViewModel.swift */ = {isa = PBXFileReference; lastKnownFileType = sourcecode.swift; path = PhotoViewModel.swift; sourceTree = "<group>"; };
		50457998282AD8B700C21465 /* RxUICollectionViewCell.swift */ = {isa = PBXFileReference; lastKnownFileType = sourcecode.swift; path = RxUICollectionViewCell.swift; sourceTree = "<group>"; };
		5081FE14282C0D0E00E6587D /* data.json */ = {isa = PBXFileReference; fileEncoding = 4; lastKnownFileType = text.json; path = data.json; sourceTree = "<group>"; };
		5081FE16282C0D0E00E6587D /* DecodableTestCase.swift */ = {isa = PBXFileReference; fileEncoding = 4; lastKnownFileType = sourcecode.swift; path = DecodableTestCase.swift; sourceTree = "<group>"; };
		5081FE17282C0D0E00E6587D /* Data+Extensions.swift */ = {isa = PBXFileReference; fileEncoding = 4; lastKnownFileType = sourcecode.swift; path = "Data+Extensions.swift"; sourceTree = "<group>"; };
		5081FE19282C0D0E00E6587D /* ApiResponseTests.swift */ = {isa = PBXFileReference; fileEncoding = 4; lastKnownFileType = sourcecode.swift; path = ApiResponseTests.swift; sourceTree = "<group>"; };
		509ED06F28268A8000C888D2 /* CodingChallenge.app */ = {isa = PBXFileReference; explicitFileType = wrapper.application; includeInIndex = 0; path = CodingChallenge.app; sourceTree = BUILT_PRODUCTS_DIR; };
		509ED07228268A8000C888D2 /* AppDelegate.swift */ = {isa = PBXFileReference; lastKnownFileType = sourcecode.swift; path = AppDelegate.swift; sourceTree = "<group>"; };
		509ED07628268A8000C888D2 /* GalleryController.swift */ = {isa = PBXFileReference; lastKnownFileType = sourcecode.swift; path = GalleryController.swift; sourceTree = "<group>"; };
		509ED07B28268A8200C888D2 /* Assets.xcassets */ = {isa = PBXFileReference; lastKnownFileType = folder.assetcatalog; path = Assets.xcassets; sourceTree = "<group>"; };
		509ED07E28268A8200C888D2 /* Base */ = {isa = PBXFileReference; lastKnownFileType = file.storyboard; name = Base; path = Base.lproj/LaunchScreen.storyboard; sourceTree = "<group>"; };
		509ED08028268A8200C888D2 /* Info.plist */ = {isa = PBXFileReference; lastKnownFileType = text.plist.xml; path = Info.plist; sourceTree = "<group>"; };
		509ED08528268A8200C888D2 /* CodingChallengeTests.xctest */ = {isa = PBXFileReference; explicitFileType = wrapper.cfbundle; includeInIndex = 0; path = CodingChallengeTests.xctest; sourceTree = BUILT_PRODUCTS_DIR; };
		509ED08928268A8200C888D2 /* CodingChallengeTests.swift */ = {isa = PBXFileReference; lastKnownFileType = sourcecode.swift; path = CodingChallengeTests.swift; sourceTree = "<group>"; };
		509ED08F28268A8200C888D2 /* CodingChallengeUITests.xctest */ = {isa = PBXFileReference; explicitFileType = wrapper.cfbundle; includeInIndex = 0; path = CodingChallengeUITests.xctest; sourceTree = BUILT_PRODUCTS_DIR; };
		509ED09328268A8200C888D2 /* CodingChallengeUITests.swift */ = {isa = PBXFileReference; lastKnownFileType = sourcecode.swift; path = CodingChallengeUITests.swift; sourceTree = "<group>"; };
		509ED09528268A8200C888D2 /* CodingChallengeUITestsLaunchTests.swift */ = {isa = PBXFileReference; lastKnownFileType = sourcecode.swift; path = CodingChallengeUITestsLaunchTests.swift; sourceTree = "<group>"; };
		5CE3A03A70D50C81B08BCCB3 /* Pods-CodingChallenge.release.xcconfig */ = {isa = PBXFileReference; includeInIndex = 1; lastKnownFileType = text.xcconfig; name = "Pods-CodingChallenge.release.xcconfig"; path = "Target Support Files/Pods-CodingChallenge/Pods-CodingChallenge.release.xcconfig"; sourceTree = "<group>"; };
		5F67DB5BC9336E7E4D072D46 /* Pods-CodingChallenge.debug.xcconfig */ = {isa = PBXFileReference; includeInIndex = 1; lastKnownFileType = text.xcconfig; name = "Pods-CodingChallenge.debug.xcconfig"; path = "Target Support Files/Pods-CodingChallenge/Pods-CodingChallenge.debug.xcconfig"; sourceTree = "<group>"; };
		60BD638318A25B7185EFF0E0 /* Pods-CodingChallengeTests.debug.xcconfig */ = {isa = PBXFileReference; includeInIndex = 1; lastKnownFileType = text.xcconfig; name = "Pods-CodingChallengeTests.debug.xcconfig"; path = "Target Support Files/Pods-CodingChallengeTests/Pods-CodingChallengeTests.debug.xcconfig"; sourceTree = "<group>"; };
		7470568A8CF352873EA921FC /* Pods-CodingChallenge-CodingChallengeUITests.debug.xcconfig */ = {isa = PBXFileReference; includeInIndex = 1; lastKnownFileType = text.xcconfig; name = "Pods-CodingChallenge-CodingChallengeUITests.debug.xcconfig"; path = "Target Support Files/Pods-CodingChallenge-CodingChallengeUITests/Pods-CodingChallenge-CodingChallengeUITests.debug.xcconfig"; sourceTree = "<group>"; };
		9CDE2406614CE962D552F957 /* Pods-CodingChallengeTests.release.xcconfig */ = {isa = PBXFileReference; includeInIndex = 1; lastKnownFileType = text.xcconfig; name = "Pods-CodingChallengeTests.release.xcconfig"; path = "Target Support Files/Pods-CodingChallengeTests/Pods-CodingChallengeTests.release.xcconfig"; sourceTree = "<group>"; };
		CF3485262883273E8E0E4FDE /* Pods_CodingChallengeTests.framework */ = {isa = PBXFileReference; explicitFileType = wrapper.framework; includeInIndex = 0; path = Pods_CodingChallengeTests.framework; sourceTree = BUILT_PRODUCTS_DIR; };
		EAE56D6C834C6BE5B1030C42 /* Pods_CodingChallenge.framework */ = {isa = PBXFileReference; explicitFileType = wrapper.framework; includeInIndex = 0; path = Pods_CodingChallenge.framework; sourceTree = BUILT_PRODUCTS_DIR; };
		F11D50D7D1892238A73BFEDB /* Pods-CodingChallenge-CodingChallengeUITests.release.xcconfig */ = {isa = PBXFileReference; includeInIndex = 1; lastKnownFileType = text.xcconfig; name = "Pods-CodingChallenge-CodingChallengeUITests.release.xcconfig"; path = "Target Support Files/Pods-CodingChallenge-CodingChallengeUITests/Pods-CodingChallenge-CodingChallengeUITests.release.xcconfig"; sourceTree = "<group>"; };
/* End PBXFileReference section */

/* Begin PBXFrameworksBuildPhase section */
		509ED06C28268A8000C888D2 /* Frameworks */ = {
			isa = PBXFrameworksBuildPhase;
			buildActionMask = 2147483647;
			files = (
				7B67380157005C02D55E350C /* Pods_CodingChallenge.framework in Frameworks */,
			);
			runOnlyForDeploymentPostprocessing = 0;
		};
		509ED08228268A8200C888D2 /* Frameworks */ = {
			isa = PBXFrameworksBuildPhase;
			buildActionMask = 2147483647;
			files = (
				9E4487AE5F0E1449A8162BCB /* Pods_CodingChallengeTests.framework in Frameworks */,
			);
			runOnlyForDeploymentPostprocessing = 0;
		};
		509ED08C28268A8200C888D2 /* Frameworks */ = {
			isa = PBXFrameworksBuildPhase;
			buildActionMask = 2147483647;
			files = (
				5BC5488FA98682E1BC1418AF /* Pods_CodingChallenge_CodingChallengeUITests.framework in Frameworks */,
			);
			runOnlyForDeploymentPostprocessing = 0;
		};
/* End PBXFrameworksBuildPhase section */

/* Begin PBXGroup section */
		43A9D0F4F74ED961D4227303 /* Frameworks */ = {
			isa = PBXGroup;
			children = (
				EAE56D6C834C6BE5B1030C42 /* Pods_CodingChallenge.framework */,
				17D738DED506FE6AD1C87283 /* Pods_CodingChallenge_CodingChallengeUITests.framework */,
				CF3485262883273E8E0E4FDE /* Pods_CodingChallengeTests.framework */,
			);
			name = Frameworks;
			sourceTree = "<group>";
		};
		50231CD42828FF40004C1D1D /* ApiClient */ = {
			isa = PBXGroup;
			children = (
				50231CD52828FF40004C1D1D /* APIClient.swift */,
				50231CD62828FF40004C1D1D /* PhotosRequest.swift */,
				50231CD72828FF40004C1D1D /* APIRequest.swift */,
			);
			path = ApiClient;
			sourceTree = "<group>";
		};
		50231CD82828FF40004C1D1D /* Model */ = {
			isa = PBXGroup;
			children = (
				50231D112829431F004C1D1D /* Photos.swift */,
			);
			path = Model;
			sourceTree = "<group>";
		};
		50231CDA2828FF40004C1D1D /* Extensions */ = {
			isa = PBXGroup;
			children = (
				50231CDB2828FF40004C1D1D /* UIViewController+Extensions.swift */,
				50231CDC2828FF40004C1D1D /* UIView+Extensions.swift */,
				50231CDD2828FF40004C1D1D /* String+Extensions.swift */,
				50231CDE2828FF40004C1D1D /* UIColor+Extenstions.swift */,
				50231CDF2828FF40004C1D1D /* UIFont+Extensions.swift */,
				50231CE02828FF40004C1D1D /* UILabelFactory.swift */,
			);
			path = Extensions;
			sourceTree = "<group>";
		};
		50231CE12828FF40004C1D1D /* AppKit */ = {
			isa = PBXGroup;
			children = (
				50457997282AD89F00C21465 /* RxUICollectionViewCell */,
				50231CE22828FF40004C1D1D /* Coordinator */,
				50231CE52828FF40004C1D1D /* RxUITableViewCell */,
				50231CE72828FF40004C1D1D /* ReuseableCellViewModels */,
				50231CEA2828FF40004C1D1D /* Factories */,
				50231CEE2828FF40004C1D1D /* APPLayout */,
			);
			path = AppKit;
			sourceTree = "<group>";
		};
		50231CE22828FF40004C1D1D /* Coordinator */ = {
			isa = PBXGroup;
			children = (
				50231CE32828FF40004C1D1D /* Result.swift */,
				50231CE42828FF40004C1D1D /* Coordinator.swift */,
			);
			path = Coordinator;
			sourceTree = "<group>";
		};
		50231CE52828FF40004C1D1D /* RxUITableViewCell */ = {
			isa = PBXGroup;
			children = (
				50231CE62828FF40004C1D1D /* RxUITableViewCell.swift */,
			);
			path = RxUITableViewCell;
			sourceTree = "<group>";
		};
		50231CE72828FF40004C1D1D /* ReuseableCellViewModels */ = {
			isa = PBXGroup;
			children = (
				50231CE82828FF40004C1D1D /* ReusableCollectionViewCellViewModelType.swift */,
				50231CE92828FF40004C1D1D /* ReuseableTableVeiwCellViewModelType.swift */,
			);
			path = ReuseableCellViewModels;
			sourceTree = "<group>";
		};
		50231CEA2828FF40004C1D1D /* Factories */ = {
			isa = PBXGroup;
			children = (
				50231CEB2828FF40004C1D1D /* UIImageViewFactory.swift */,
				50231CEC2828FF40004C1D1D /* UIStackViewFactory.swift */,
				50231CED2828FF40004C1D1D /* UIButtonFactory.swift */,
			);
			path = Factories;
			sourceTree = "<group>";
		};
		50231CEE2828FF40004C1D1D /* APPLayout */ = {
			isa = PBXGroup;
			children = (
				50231CEF2828FF40004C1D1D /* APPLayout.swift */,
				50231CF02828FF40004C1D1D /* APPLayoutAttributes.swift */,
			);
			path = APPLayout;
			sourceTree = "<group>";
		};
		50231CF12828FF40004C1D1D /* Repository */ = {
			isa = PBXGroup;
			children = (
				50231CF22828FF40004C1D1D /* ApiRepository.swift */,
			);
			path = Repository;
			sourceTree = "<group>";
		};
		50231D082828FF4B004C1D1D /* App */ = {
			isa = PBXGroup;
			children = (
				509ED07228268A8000C888D2 /* AppDelegate.swift */,
				50231D0A2829362E004C1D1D /* AppCoordinator.swift */,
				509ED07B28268A8200C888D2 /* Assets.xcassets */,
				509ED07D28268A8200C888D2 /* LaunchScreen.storyboard */,
			);
			path = App;
			sourceTree = "<group>";
		};
		50231D092828FF51004C1D1D /* Scenes */ = {
			isa = PBXGroup;
			children = (
				50231D0C2829373E004C1D1D /* Gallery */,
				50231D1828295F6C004C1D1D /* Photo */,
			);
			path = Scenes;
			sourceTree = "<group>";
		};
		50231D0C2829373E004C1D1D /* Gallery */ = {
			isa = PBXGroup;
			children = (
				50231D1328295231004C1D1D /* Cells */,
				509ED07628268A8000C888D2 /* GalleryController.swift */,
				50231D0D28293754004C1D1D /* GalleryViewModel.swift */,
				50231D0F28294034004C1D1D /* GalleryCoordinator.swift */,
			);
			path = Gallery;
			sourceTree = "<group>";
		};
		50231D1328295231004C1D1D /* Cells */ = {
			isa = PBXGroup;
			children = (
				50231D142829523A004C1D1D /* PhotoCell.swift */,
				50231D152829523A004C1D1D /* PhotoCellViewModel.swift */,
			);
			path = Cells;
			sourceTree = "<group>";
		};
		50231D1828295F6C004C1D1D /* Photo */ = {
			isa = PBXGroup;
			children = (
				50457966282AAF7F00C21465 /* PhotoController.swift */,
				50457968282AAF9400C21465 /* PhotoViewModel.swift */,
			);
			path = Photo;
			sourceTree = "<group>";
		};
		50457997282AD89F00C21465 /* RxUICollectionViewCell */ = {
			isa = PBXGroup;
			children = (
				50457998282AD8B700C21465 /* RxUICollectionViewCell.swift */,
			);
			path = RxUICollectionViewCell;
			sourceTree = "<group>";
		};
		5081FE13282C0D0E00E6587D /* Data */ = {
			isa = PBXGroup;
			children = (
				5081FE14282C0D0E00E6587D /* data.json */,
			);
			path = Data;
			sourceTree = "<group>";
		};
		5081FE15282C0D0E00E6587D /* Helpers */ = {
			isa = PBXGroup;
			children = (
				5081FE16282C0D0E00E6587D /* DecodableTestCase.swift */,
				5081FE17282C0D0E00E6587D /* Data+Extensions.swift */,
			);
			path = Helpers;
			sourceTree = "<group>";
		};
		509ED06628268A8000C888D2 = {
			isa = PBXGroup;
			children = (
				509ED07128268A8000C888D2 /* CodingChallenge */,
				509ED08828268A8200C888D2 /* CodingChallengeTests */,
				509ED09228268A8200C888D2 /* CodingChallengeUITests */,
				509ED07028268A8000C888D2 /* Products */,
				F0DC8147C48AF98BED43FA4B /* Pods */,
				43A9D0F4F74ED961D4227303 /* Frameworks */,
			);
			sourceTree = "<group>";
		};
		509ED07028268A8000C888D2 /* Products */ = {
			isa = PBXGroup;
			children = (
				509ED06F28268A8000C888D2 /* CodingChallenge.app */,
				509ED08528268A8200C888D2 /* CodingChallengeTests.xctest */,
				509ED08F28268A8200C888D2 /* CodingChallengeUITests.xctest */,
			);
			name = Products;
			sourceTree = "<group>";
		};
		509ED07128268A8000C888D2 /* CodingChallenge */ = {
			isa = PBXGroup;
			children = (
				50231D082828FF4B004C1D1D /* App */,
				50231D092828FF51004C1D1D /* Scenes */,
				50231CD82828FF40004C1D1D /* Model */,
				50231CF12828FF40004C1D1D /* Repository */,
				50231CD42828FF40004C1D1D /* ApiClient */,
				50231CE12828FF40004C1D1D /* AppKit */,
				50231CDA2828FF40004C1D1D /* Extensions */,
				509ED08028268A8200C888D2 /* Info.plist */,
			);
			path = CodingChallenge;
			sourceTree = "<group>";
		};
		509ED08828268A8200C888D2 /* CodingChallengeTests */ = {
			isa = PBXGroup;
			children = (
				509ED08928268A8200C888D2 /* CodingChallengeTests.swift */,
				5081FE19282C0D0E00E6587D /* ApiResponseTests.swift */,
				5081FE13282C0D0E00E6587D /* Data */,
				5081FE15282C0D0E00E6587D /* Helpers */,
			);
			path = CodingChallengeTests;
			sourceTree = "<group>";
		};
		509ED09228268A8200C888D2 /* CodingChallengeUITests */ = {
			isa = PBXGroup;
			children = (
				509ED09328268A8200C888D2 /* CodingChallengeUITests.swift */,
				509ED09528268A8200C888D2 /* CodingChallengeUITestsLaunchTests.swift */,
			);
			path = CodingChallengeUITests;
			sourceTree = "<group>";
		};
		F0DC8147C48AF98BED43FA4B /* Pods */ = {
			isa = PBXGroup;
			children = (
				5F67DB5BC9336E7E4D072D46 /* Pods-CodingChallenge.debug.xcconfig */,
				5CE3A03A70D50C81B08BCCB3 /* Pods-CodingChallenge.release.xcconfig */,
				7470568A8CF352873EA921FC /* Pods-CodingChallenge-CodingChallengeUITests.debug.xcconfig */,
				F11D50D7D1892238A73BFEDB /* Pods-CodingChallenge-CodingChallengeUITests.release.xcconfig */,
				60BD638318A25B7185EFF0E0 /* Pods-CodingChallengeTests.debug.xcconfig */,
				9CDE2406614CE962D552F957 /* Pods-CodingChallengeTests.release.xcconfig */,
			);
			path = Pods;
			sourceTree = "<group>";
		};
/* End PBXGroup section */

/* Begin PBXNativeTarget section */
		509ED06E28268A8000C888D2 /* CodingChallenge */ = {
			isa = PBXNativeTarget;
			buildConfigurationList = 509ED09928268A8200C888D2 /* Build configuration list for PBXNativeTarget "CodingChallenge" */;
			buildPhases = (
				48CCD283B01E938D887A5CB7 /* [CP] Check Pods Manifest.lock */,
				509ED06B28268A8000C888D2 /* Sources */,
				509ED06C28268A8000C888D2 /* Frameworks */,
				509ED06D28268A8000C888D2 /* Resources */,
				0693CC199425830C70186EA0 /* [CP] Embed Pods Frameworks */,
			);
			buildRules = (
			);
			dependencies = (
			);
			name = CodingChallenge;
			productName = CodingChallenge;
			productReference = 509ED06F28268A8000C888D2 /* CodingChallenge.app */;
			productType = "com.apple.product-type.application";
		};
		509ED08428268A8200C888D2 /* CodingChallengeTests */ = {
			isa = PBXNativeTarget;
			buildConfigurationList = 509ED09C28268A8200C888D2 /* Build configuration list for PBXNativeTarget "CodingChallengeTests" */;
			buildPhases = (
				70988C506BB7D21E07E319E3 /* [CP] Check Pods Manifest.lock */,
				509ED08128268A8200C888D2 /* Sources */,
				509ED08228268A8200C888D2 /* Frameworks */,
				509ED08328268A8200C888D2 /* Resources */,
			);
			buildRules = (
			);
			dependencies = (
				509ED08728268A8200C888D2 /* PBXTargetDependency */,
			);
			name = CodingChallengeTests;
			productName = CodingChallengeTests;
			productReference = 509ED08528268A8200C888D2 /* CodingChallengeTests.xctest */;
			productType = "com.apple.product-type.bundle.unit-test";
		};
		509ED08E28268A8200C888D2 /* CodingChallengeUITests */ = {
			isa = PBXNativeTarget;
			buildConfigurationList = 509ED09F28268A8200C888D2 /* Build configuration list for PBXNativeTarget "CodingChallengeUITests" */;
			buildPhases = (
				A8504E6F2F816B95B99E996C /* [CP] Check Pods Manifest.lock */,
				509ED08B28268A8200C888D2 /* Sources */,
				509ED08C28268A8200C888D2 /* Frameworks */,
				509ED08D28268A8200C888D2 /* Resources */,
				9EA9A7C00DA66E412C1E5C1F /* [CP] Embed Pods Frameworks */,
			);
			buildRules = (
			);
			dependencies = (
				509ED09128268A8200C888D2 /* PBXTargetDependency */,
			);
			name = CodingChallengeUITests;
			productName = CodingChallengeUITests;
			productReference = 509ED08F28268A8200C888D2 /* CodingChallengeUITests.xctest */;
			productType = "com.apple.product-type.bundle.ui-testing";
		};
/* End PBXNativeTarget section */

/* Begin PBXProject section */
		509ED06728268A8000C888D2 /* Project object */ = {
			isa = PBXProject;
			attributes = {
				BuildIndependentTargetsInParallel = 1;
				LastSwiftUpdateCheck = 1320;
				LastUpgradeCheck = 1320;
				TargetAttributes = {
					509ED06E28268A8000C888D2 = {
						CreatedOnToolsVersion = 13.2.1;
					};
					509ED08428268A8200C888D2 = {
						CreatedOnToolsVersion = 13.2.1;
						TestTargetID = 509ED06E28268A8000C888D2;
					};
					509ED08E28268A8200C888D2 = {
						CreatedOnToolsVersion = 13.2.1;
						TestTargetID = 509ED06E28268A8000C888D2;
					};
				};
			};
			buildConfigurationList = 509ED06A28268A8000C888D2 /* Build configuration list for PBXProject "CodingChallenge" */;
			compatibilityVersion = "Xcode 13.0";
			developmentRegion = en;
			hasScannedForEncodings = 0;
			knownRegions = (
				en,
				Base,
			);
			mainGroup = 509ED06628268A8000C888D2;
			productRefGroup = 509ED07028268A8000C888D2 /* Products */;
			projectDirPath = "";
			projectRoot = "";
			targets = (
				509ED06E28268A8000C888D2 /* CodingChallenge */,
				509ED08428268A8200C888D2 /* CodingChallengeTests */,
				509ED08E28268A8200C888D2 /* CodingChallengeUITests */,
			);
		};
/* End PBXProject section */

/* Begin PBXResourcesBuildPhase section */
		509ED06D28268A8000C888D2 /* Resources */ = {
			isa = PBXResourcesBuildPhase;
			buildActionMask = 2147483647;
			files = (
				509ED07F28268A8200C888D2 /* LaunchScreen.storyboard in Resources */,
				509ED07C28268A8200C888D2 /* Assets.xcassets in Resources */,
			);
			runOnlyForDeploymentPostprocessing = 0;
		};
		509ED08328268A8200C888D2 /* Resources */ = {
			isa = PBXResourcesBuildPhase;
			buildActionMask = 2147483647;
			files = (
				5081FE1A282C0D0E00E6587D /* data.json in Resources */,
			);
			runOnlyForDeploymentPostprocessing = 0;
		};
		509ED08D28268A8200C888D2 /* Resources */ = {
			isa = PBXResourcesBuildPhase;
			buildActionMask = 2147483647;
			files = (
			);
			runOnlyForDeploymentPostprocessing = 0;
		};
/* End PBXResourcesBuildPhase section */

/* Begin PBXShellScriptBuildPhase section */
		0693CC199425830C70186EA0 /* [CP] Embed Pods Frameworks */ = {
			isa = PBXShellScriptBuildPhase;
			buildActionMask = 2147483647;
			files = (
			);
			inputFileListPaths = (
				"${PODS_ROOT}/Target Support Files/Pods-CodingChallenge/Pods-CodingChallenge-frameworks-${CONFIGURATION}-input-files.xcfilelist",
			);
			name = "[CP] Embed Pods Frameworks";
			outputFileListPaths = (
				"${PODS_ROOT}/Target Support Files/Pods-CodingChallenge/Pods-CodingChallenge-frameworks-${CONFIGURATION}-output-files.xcfilelist",
			);
			runOnlyForDeploymentPostprocessing = 0;
			shellPath = /bin/sh;
			shellScript = "\"${PODS_ROOT}/Target Support Files/Pods-CodingChallenge/Pods-CodingChallenge-frameworks.sh\"\n";
			showEnvVarsInLog = 0;
		};
		48CCD283B01E938D887A5CB7 /* [CP] Check Pods Manifest.lock */ = {
			isa = PBXShellScriptBuildPhase;
			buildActionMask = 2147483647;
			files = (
			);
			inputFileListPaths = (
			);
			inputPaths = (
				"${PODS_PODFILE_DIR_PATH}/Podfile.lock",
				"${PODS_ROOT}/Manifest.lock",
			);
			name = "[CP] Check Pods Manifest.lock";
			outputFileListPaths = (
			);
			outputPaths = (
				"$(DERIVED_FILE_DIR)/Pods-CodingChallenge-checkManifestLockResult.txt",
			);
			runOnlyForDeploymentPostprocessing = 0;
			shellPath = /bin/sh;
			shellScript = "diff \"${PODS_PODFILE_DIR_PATH}/Podfile.lock\" \"${PODS_ROOT}/Manifest.lock\" > /dev/null\nif [ $? != 0 ] ; then\n    # print error to STDERR\n    echo \"error: The sandbox is not in sync with the Podfile.lock. Run 'pod install' or update your CocoaPods installation.\" >&2\n    exit 1\nfi\n# This output is used by Xcode 'outputs' to avoid re-running this script phase.\necho \"SUCCESS\" > \"${SCRIPT_OUTPUT_FILE_0}\"\n";
			showEnvVarsInLog = 0;
		};
		70988C506BB7D21E07E319E3 /* [CP] Check Pods Manifest.lock */ = {
			isa = PBXShellScriptBuildPhase;
			buildActionMask = 2147483647;
			files = (
			);
			inputFileListPaths = (
			);
			inputPaths = (
				"${PODS_PODFILE_DIR_PATH}/Podfile.lock",
				"${PODS_ROOT}/Manifest.lock",
			);
			name = "[CP] Check Pods Manifest.lock";
			outputFileListPaths = (
			);
			outputPaths = (
				"$(DERIVED_FILE_DIR)/Pods-CodingChallengeTests-checkManifestLockResult.txt",
			);
			runOnlyForDeploymentPostprocessing = 0;
			shellPath = /bin/sh;
			shellScript = "diff \"${PODS_PODFILE_DIR_PATH}/Podfile.lock\" \"${PODS_ROOT}/Manifest.lock\" > /dev/null\nif [ $? != 0 ] ; then\n    # print error to STDERR\n    echo \"error: The sandbox is not in sync with the Podfile.lock. Run 'pod install' or update your CocoaPods installation.\" >&2\n    exit 1\nfi\n# This output is used by Xcode 'outputs' to avoid re-running this script phase.\necho \"SUCCESS\" > \"${SCRIPT_OUTPUT_FILE_0}\"\n";
			showEnvVarsInLog = 0;
		};
		9EA9A7C00DA66E412C1E5C1F /* [CP] Embed Pods Frameworks */ = {
			isa = PBXShellScriptBuildPhase;
			buildActionMask = 2147483647;
			files = (
			);
			inputFileListPaths = (
				"${PODS_ROOT}/Target Support Files/Pods-CodingChallenge-CodingChallengeUITests/Pods-CodingChallenge-CodingChallengeUITests-frameworks-${CONFIGURATION}-input-files.xcfilelist",
			);
			name = "[CP] Embed Pods Frameworks";
			outputFileListPaths = (
				"${PODS_ROOT}/Target Support Files/Pods-CodingChallenge-CodingChallengeUITests/Pods-CodingChallenge-CodingChallengeUITests-frameworks-${CONFIGURATION}-output-files.xcfilelist",
			);
			runOnlyForDeploymentPostprocessing = 0;
			shellPath = /bin/sh;
			shellScript = "\"${PODS_ROOT}/Target Support Files/Pods-CodingChallenge-CodingChallengeUITests/Pods-CodingChallenge-CodingChallengeUITests-frameworks.sh\"\n";
			showEnvVarsInLog = 0;
		};
		A8504E6F2F816B95B99E996C /* [CP] Check Pods Manifest.lock */ = {
			isa = PBXShellScriptBuildPhase;
			buildActionMask = 2147483647;
			files = (
			);
			inputFileListPaths = (
			);
			inputPaths = (
				"${PODS_PODFILE_DIR_PATH}/Podfile.lock",
				"${PODS_ROOT}/Manifest.lock",
			);
			name = "[CP] Check Pods Manifest.lock";
			outputFileListPaths = (
			);
			outputPaths = (
				"$(DERIVED_FILE_DIR)/Pods-CodingChallenge-CodingChallengeUITests-checkManifestLockResult.txt",
			);
			runOnlyForDeploymentPostprocessing = 0;
			shellPath = /bin/sh;
			shellScript = "diff \"${PODS_PODFILE_DIR_PATH}/Podfile.lock\" \"${PODS_ROOT}/Manifest.lock\" > /dev/null\nif [ $? != 0 ] ; then\n    # print error to STDERR\n    echo \"error: The sandbox is not in sync with the Podfile.lock. Run 'pod install' or update your CocoaPods installation.\" >&2\n    exit 1\nfi\n# This output is used by Xcode 'outputs' to avoid re-running this script phase.\necho \"SUCCESS\" > \"${SCRIPT_OUTPUT_FILE_0}\"\n";
			showEnvVarsInLog = 0;
		};
/* End PBXShellScriptBuildPhase section */

/* Begin PBXSourcesBuildPhase section */
		509ED06B28268A8000C888D2 /* Sources */ = {
			isa = PBXSourcesBuildPhase;
			buildActionMask = 2147483647;
			files = (
				50231CF92828FF40004C1D1D /* String+Extensions.swift in Sources */,
				509ED07728268A8000C888D2 /* GalleryController.swift in Sources */,
				50231D172829523A004C1D1D /* PhotoCellViewModel.swift in Sources */,
				50231CFE2828FF40004C1D1D /* Coordinator.swift in Sources */,
				50231D012828FF40004C1D1D /* ReuseableTableVeiwCellViewModelType.swift in Sources */,
				50231D162829523A004C1D1D /* PhotoCell.swift in Sources */,
				50231D042828FF40004C1D1D /* UIButtonFactory.swift in Sources */,
				50231D022828FF40004C1D1D /* UIImageViewFactory.swift in Sources */,
				50231D0B2829362E004C1D1D /* AppCoordinator.swift in Sources */,
				509ED07328268A8000C888D2 /* AppDelegate.swift in Sources */,
				50231CF42828FF40004C1D1D /* PhotosRequest.swift in Sources */,
				50231D072828FF40004C1D1D /* ApiRepository.swift in Sources */,
				50231CFD2828FF40004C1D1D /* Result.swift in Sources */,
				50231CF82828FF40004C1D1D /* UIView+Extensions.swift in Sources */,
				50231D002828FF40004C1D1D /* ReusableCollectionViewCellViewModelType.swift in Sources */,
				50231D0E28293754004C1D1D /* GalleryViewModel.swift in Sources */,
				50231CFA2828FF40004C1D1D /* UIColor+Extenstions.swift in Sources */,
				50231D1028294034004C1D1D /* GalleryCoordinator.swift in Sources */,
				50231CF72828FF40004C1D1D /* UIViewController+Extensions.swift in Sources */,
				50457969282AAF9400C21465 /* PhotoViewModel.swift in Sources */,
				50231CFC2828FF40004C1D1D /* UILabelFactory.swift in Sources */,
				50231D032828FF40004C1D1D /* UIStackViewFactory.swift in Sources */,
				50231CF52828FF40004C1D1D /* APIRequest.swift in Sources */,
				50231D122829431F004C1D1D /* Photos.swift in Sources */,
				50231CFF2828FF40004C1D1D /* RxUITableViewCell.swift in Sources */,
				50457967282AAF7F00C21465 /* PhotoController.swift in Sources */,
				50231CFB2828FF40004C1D1D /* UIFont+Extensions.swift in Sources */,
				50231CF32828FF40004C1D1D /* APIClient.swift in Sources */,
				50457999282AD8B700C21465 /* RxUICollectionViewCell.swift in Sources */,
				50231D052828FF40004C1D1D /* APPLayout.swift in Sources */,
				50231D062828FF40004C1D1D /* APPLayoutAttributes.swift in Sources */,
			);
			runOnlyForDeploymentPostprocessing = 0;
		};
		509ED08128268A8200C888D2 /* Sources */ = {
			isa = PBXSourcesBuildPhase;
			buildActionMask = 2147483647;
			files = (
				5081FE1C282C0D0E00E6587D /* Data+Extensions.swift in Sources */,
				5081FE1D282C0D0E00E6587D /* ApiResponseTests.swift in Sources */,
				509ED08A28268A8200C888D2 /* CodingChallengeTests.swift in Sources */,
				5081FE1B282C0D0E00E6587D /* DecodableTestCase.swift in Sources */,
			);
			runOnlyForDeploymentPostprocessing = 0;
		};
		509ED08B28268A8200C888D2 /* Sources */ = {
			isa = PBXSourcesBuildPhase;
			buildActionMask = 2147483647;
			files = (
				509ED09628268A8200C888D2 /* CodingChallengeUITestsLaunchTests.swift in Sources */,
				509ED09428268A8200C888D2 /* CodingChallengeUITests.swift in Sources */,
			);
			runOnlyForDeploymentPostprocessing = 0;
		};
/* End PBXSourcesBuildPhase section */

/* Begin PBXTargetDependency section */
		509ED08728268A8200C888D2 /* PBXTargetDependency */ = {
			isa = PBXTargetDependency;
			target = 509ED06E28268A8000C888D2 /* CodingChallenge */;
			targetProxy = 509ED08628268A8200C888D2 /* PBXContainerItemProxy */;
		};
		509ED09128268A8200C888D2 /* PBXTargetDependency */ = {
			isa = PBXTargetDependency;
			target = 509ED06E28268A8000C888D2 /* CodingChallenge */;
			targetProxy = 509ED09028268A8200C888D2 /* PBXContainerItemProxy */;
		};
/* End PBXTargetDependency section */

/* Begin PBXVariantGroup section */
		509ED07D28268A8200C888D2 /* LaunchScreen.storyboard */ = {
			isa = PBXVariantGroup;
			children = (
				509ED07E28268A8200C888D2 /* Base */,
			);
			name = LaunchScreen.storyboard;
			sourceTree = "<group>";
		};
/* End PBXVariantGroup section */

/* Begin XCBuildConfiguration section */
		509ED09728268A8200C888D2 /* Debug */ = {
			isa = XCBuildConfiguration;
			buildSettings = {
				ALWAYS_SEARCH_USER_PATHS = NO;
				CLANG_ANALYZER_NONNULL = YES;
				CLANG_ANALYZER_NUMBER_OBJECT_CONVERSION = YES_AGGRESSIVE;
				CLANG_CXX_LANGUAGE_STANDARD = "gnu++17";
				CLANG_CXX_LIBRARY = "libc++";
				CLANG_ENABLE_MODULES = YES;
				CLANG_ENABLE_OBJC_ARC = YES;
				CLANG_ENABLE_OBJC_WEAK = YES;
				CLANG_WARN_BLOCK_CAPTURE_AUTORELEASING = YES;
				CLANG_WARN_BOOL_CONVERSION = YES;
				CLANG_WARN_COMMA = YES;
				CLANG_WARN_CONSTANT_CONVERSION = YES;
				CLANG_WARN_DEPRECATED_OBJC_IMPLEMENTATIONS = YES;
				CLANG_WARN_DIRECT_OBJC_ISA_USAGE = YES_ERROR;
				CLANG_WARN_DOCUMENTATION_COMMENTS = YES;
				CLANG_WARN_EMPTY_BODY = YES;
				CLANG_WARN_ENUM_CONVERSION = YES;
				CLANG_WARN_INFINITE_RECURSION = YES;
				CLANG_WARN_INT_CONVERSION = YES;
				CLANG_WARN_NON_LITERAL_NULL_CONVERSION = YES;
				CLANG_WARN_OBJC_IMPLICIT_RETAIN_SELF = YES;
				CLANG_WARN_OBJC_LITERAL_CONVERSION = YES;
				CLANG_WARN_OBJC_ROOT_CLASS = YES_ERROR;
				CLANG_WARN_QUOTED_INCLUDE_IN_FRAMEWORK_HEADER = YES;
				CLANG_WARN_RANGE_LOOP_ANALYSIS = YES;
				CLANG_WARN_STRICT_PROTOTYPES = YES;
				CLANG_WARN_SUSPICIOUS_MOVE = YES;
				CLANG_WARN_UNGUARDED_AVAILABILITY = YES_AGGRESSIVE;
				CLANG_WARN_UNREACHABLE_CODE = YES;
				CLANG_WARN__DUPLICATE_METHOD_MATCH = YES;
				COPY_PHASE_STRIP = NO;
				DEBUG_INFORMATION_FORMAT = dwarf;
				ENABLE_STRICT_OBJC_MSGSEND = YES;
				ENABLE_TESTABILITY = YES;
				GCC_C_LANGUAGE_STANDARD = gnu11;
				GCC_DYNAMIC_NO_PIC = NO;
				GCC_NO_COMMON_BLOCKS = YES;
				GCC_OPTIMIZATION_LEVEL = 0;
				GCC_PREPROCESSOR_DEFINITIONS = (
					"DEBUG=1",
					"$(inherited)",
				);
				GCC_WARN_64_TO_32_BIT_CONVERSION = YES;
				GCC_WARN_ABOUT_RETURN_TYPE = YES_ERROR;
				GCC_WARN_UNDECLARED_SELECTOR = YES;
				GCC_WARN_UNINITIALIZED_AUTOS = YES_AGGRESSIVE;
				GCC_WARN_UNUSED_FUNCTION = YES;
				GCC_WARN_UNUSED_VARIABLE = YES;
				IPHONEOS_DEPLOYMENT_TARGET = 15.2;
				MTL_ENABLE_DEBUG_INFO = INCLUDE_SOURCE;
				MTL_FAST_MATH = YES;
				ONLY_ACTIVE_ARCH = YES;
				SDKROOT = iphoneos;
				SWIFT_ACTIVE_COMPILATION_CONDITIONS = DEBUG;
				SWIFT_OPTIMIZATION_LEVEL = "-Onone";
			};
			name = Debug;
		};
		509ED09828268A8200C888D2 /* Release */ = {
			isa = XCBuildConfiguration;
			buildSettings = {
				ALWAYS_SEARCH_USER_PATHS = NO;
				CLANG_ANALYZER_NONNULL = YES;
				CLANG_ANALYZER_NUMBER_OBJECT_CONVERSION = YES_AGGRESSIVE;
				CLANG_CXX_LANGUAGE_STANDARD = "gnu++17";
				CLANG_CXX_LIBRARY = "libc++";
				CLANG_ENABLE_MODULES = YES;
				CLANG_ENABLE_OBJC_ARC = YES;
				CLANG_ENABLE_OBJC_WEAK = YES;
				CLANG_WARN_BLOCK_CAPTURE_AUTORELEASING = YES;
				CLANG_WARN_BOOL_CONVERSION = YES;
				CLANG_WARN_COMMA = YES;
				CLANG_WARN_CONSTANT_CONVERSION = YES;
				CLANG_WARN_DEPRECATED_OBJC_IMPLEMENTATIONS = YES;
				CLANG_WARN_DIRECT_OBJC_ISA_USAGE = YES_ERROR;
				CLANG_WARN_DOCUMENTATION_COMMENTS = YES;
				CLANG_WARN_EMPTY_BODY = YES;
				CLANG_WARN_ENUM_CONVERSION = YES;
				CLANG_WARN_INFINITE_RECURSION = YES;
				CLANG_WARN_INT_CONVERSION = YES;
				CLANG_WARN_NON_LITERAL_NULL_CONVERSION = YES;
				CLANG_WARN_OBJC_IMPLICIT_RETAIN_SELF = YES;
				CLANG_WARN_OBJC_LITERAL_CONVERSION = YES;
				CLANG_WARN_OBJC_ROOT_CLASS = YES_ERROR;
				CLANG_WARN_QUOTED_INCLUDE_IN_FRAMEWORK_HEADER = YES;
				CLANG_WARN_RANGE_LOOP_ANALYSIS = YES;
				CLANG_WARN_STRICT_PROTOTYPES = YES;
				CLANG_WARN_SUSPICIOUS_MOVE = YES;
				CLANG_WARN_UNGUARDED_AVAILABILITY = YES_AGGRESSIVE;
				CLANG_WARN_UNREACHABLE_CODE = YES;
				CLANG_WARN__DUPLICATE_METHOD_MATCH = YES;
				COPY_PHASE_STRIP = NO;
				DEBUG_INFORMATION_FORMAT = "dwarf-with-dsym";
				ENABLE_NS_ASSERTIONS = NO;
				ENABLE_STRICT_OBJC_MSGSEND = YES;
				GCC_C_LANGUAGE_STANDARD = gnu11;
				GCC_NO_COMMON_BLOCKS = YES;
				GCC_WARN_64_TO_32_BIT_CONVERSION = YES;
				GCC_WARN_ABOUT_RETURN_TYPE = YES_ERROR;
				GCC_WARN_UNDECLARED_SELECTOR = YES;
				GCC_WARN_UNINITIALIZED_AUTOS = YES_AGGRESSIVE;
				GCC_WARN_UNUSED_FUNCTION = YES;
				GCC_WARN_UNUSED_VARIABLE = YES;
				IPHONEOS_DEPLOYMENT_TARGET = 15.2;
				MTL_ENABLE_DEBUG_INFO = NO;
				MTL_FAST_MATH = YES;
				SDKROOT = iphoneos;
				SWIFT_COMPILATION_MODE = wholemodule;
				SWIFT_OPTIMIZATION_LEVEL = "-O";
				VALIDATE_PRODUCT = YES;
			};
			name = Release;
		};
		509ED09A28268A8200C888D2 /* Debug */ = {
			isa = XCBuildConfiguration;
			baseConfigurationReference = 5F67DB5BC9336E7E4D072D46 /* Pods-CodingChallenge.debug.xcconfig */;
			buildSettings = {
				ASSETCATALOG_COMPILER_APPICON_NAME = AppIcon;
				ASSETCATALOG_COMPILER_GLOBAL_ACCENT_COLOR_NAME = AccentColor;
				CODE_SIGN_STYLE = Automatic;
				CURRENT_PROJECT_VERSION = 1;
				GENERATE_INFOPLIST_FILE = YES;
				INFOPLIST_FILE = CodingChallenge/Info.plist;
				INFOPLIST_KEY_UIApplicationSupportsIndirectInputEvents = YES;
				INFOPLIST_KEY_UILaunchStoryboardName = LaunchScreen;
				INFOPLIST_KEY_UISupportedInterfaceOrientations_iPad = "UIInterfaceOrientationPortrait UIInterfaceOrientationPortraitUpsideDown UIInterfaceOrientationLandscapeLeft UIInterfaceOrientationLandscapeRight";
				INFOPLIST_KEY_UISupportedInterfaceOrientations_iPhone = "UIInterfaceOrientationPortrait UIInterfaceOrientationLandscapeLeft UIInterfaceOrientationLandscapeRight";
				IPHONEOS_DEPLOYMENT_TARGET = 15.2;
				LD_RUNPATH_SEARCH_PATHS = (
					"$(inherited)",
					"@executable_path/Frameworks",
				);
				MARKETING_VERSION = 1.0;
				PRODUCT_BUNDLE_IDENTIFIER = com.app.CodingChallenge;
				PRODUCT_NAME = "$(TARGET_NAME)";
				SWIFT_EMIT_LOC_STRINGS = YES;
				SWIFT_VERSION = 5.0;
				TARGETED_DEVICE_FAMILY = "1,2";
			};
			name = Debug;
		};
		509ED09B28268A8200C888D2 /* Release */ = {
			isa = XCBuildConfiguration;
			baseConfigurationReference = 5CE3A03A70D50C81B08BCCB3 /* Pods-CodingChallenge.release.xcconfig */;
			buildSettings = {
				ASSETCATALOG_COMPILER_APPICON_NAME = AppIcon;
				ASSETCATALOG_COMPILER_GLOBAL_ACCENT_COLOR_NAME = AccentColor;
				CODE_SIGN_STYLE = Automatic;
				CURRENT_PROJECT_VERSION = 1;
				GENERATE_INFOPLIST_FILE = YES;
				INFOPLIST_FILE = CodingChallenge/Info.plist;
				INFOPLIST_KEY_UIApplicationSupportsIndirectInputEvents = YES;
				INFOPLIST_KEY_UILaunchStoryboardName = LaunchScreen;
				INFOPLIST_KEY_UISupportedInterfaceOrientations_iPad = "UIInterfaceOrientationPortrait UIInterfaceOrientationPortraitUpsideDown UIInterfaceOrientationLandscapeLeft UIInterfaceOrientationLandscapeRight";
				INFOPLIST_KEY_UISupportedInterfaceOrientations_iPhone = "UIInterfaceOrientationPortrait UIInterfaceOrientationLandscapeLeft UIInterfaceOrientationLandscapeRight";
				IPHONEOS_DEPLOYMENT_TARGET = 15.2;
				LD_RUNPATH_SEARCH_PATHS = (
					"$(inherited)",
					"@executable_path/Frameworks",
				);
				MARKETING_VERSION = 1.0;
				PRODUCT_BUNDLE_IDENTIFIER = com.app.CodingChallenge;
				PRODUCT_NAME = "$(TARGET_NAME)";
				SWIFT_EMIT_LOC_STRINGS = YES;
				SWIFT_VERSION = 5.0;
				TARGETED_DEVICE_FAMILY = "1,2";
			};
			name = Release;
		};
		509ED09D28268A8200C888D2 /* Debug */ = {
			isa = XCBuildConfiguration;
			baseConfigurationReference = 60BD638318A25B7185EFF0E0 /* Pods-CodingChallengeTests.debug.xcconfig */;
			buildSettings = {
				ALWAYS_EMBED_SWIFT_STANDARD_LIBRARIES = YES;
				BUNDLE_LOADER = "$(TEST_HOST)";
				CODE_SIGN_STYLE = Automatic;
				CURRENT_PROJECT_VERSION = 1;
				GENERATE_INFOPLIST_FILE = YES;
				IPHONEOS_DEPLOYMENT_TARGET = 15.2;
				MARKETING_VERSION = 1.0;
				PRODUCT_BUNDLE_IDENTIFIER = com.app.CodingChallengeTests;
				PRODUCT_NAME = "$(TARGET_NAME)";
				SWIFT_EMIT_LOC_STRINGS = NO;
				SWIFT_VERSION = 5.0;
				TARGETED_DEVICE_FAMILY = "1,2";
				TEST_HOST = "$(BUILT_PRODUCTS_DIR)/CodingChallenge.app/CodingChallenge";
			};
			name = Debug;
		};
		509ED09E28268A8200C888D2 /* Release */ = {
			isa = XCBuildConfiguration;
			baseConfigurationReference = 9CDE2406614CE962D552F957 /* Pods-CodingChallengeTests.release.xcconfig */;
			buildSettings = {
				ALWAYS_EMBED_SWIFT_STANDARD_LIBRARIES = YES;
				BUNDLE_LOADER = "$(TEST_HOST)";
				CODE_SIGN_STYLE = Automatic;
				CURRENT_PROJECT_VERSION = 1;
				GENERATE_INFOPLIST_FILE = YES;
				IPHONEOS_DEPLOYMENT_TARGET = 15.2;
				MARKETING_VERSION = 1.0;
				PRODUCT_BUNDLE_IDENTIFIER = com.app.CodingChallengeTests;
				PRODUCT_NAME = "$(TARGET_NAME)";
				SWIFT_EMIT_LOC_STRINGS = NO;
				SWIFT_VERSION = 5.0;
				TARGETED_DEVICE_FAMILY = "1,2";
				TEST_HOST = "$(BUILT_PRODUCTS_DIR)/CodingChallenge.app/CodingChallenge";
			};
			name = Release;
		};
		509ED0A028268A8200C888D2 /* Debug */ = {
			isa = XCBuildConfiguration;
			baseConfigurationReference = 7470568A8CF352873EA921FC /* Pods-CodingChallenge-CodingChallengeUITests.debug.xcconfig */;
			buildSettings = {
				ALWAYS_EMBED_SWIFT_STANDARD_LIBRARIES = YES;
				CODE_SIGN_STYLE = Automatic;
				CURRENT_PROJECT_VERSION = 1;
				GENERATE_INFOPLIST_FILE = YES;
				MARKETING_VERSION = 1.0;
				PRODUCT_BUNDLE_IDENTIFIER = com.app.CodingChallengeUITests;
				PRODUCT_NAME = "$(TARGET_NAME)";
				SWIFT_EMIT_LOC_STRINGS = NO;
				SWIFT_VERSION = 5.0;
				TARGETED_DEVICE_FAMILY = "1,2";
				TEST_TARGET_NAME = CodingChallenge;
			};
			name = Debug;
		};
		509ED0A128268A8200C888D2 /* Release */ = {
			isa = XCBuildConfiguration;
			baseConfigurationReference = F11D50D7D1892238A73BFEDB /* Pods-CodingChallenge-CodingChallengeUITests.release.xcconfig */;
			buildSettings = {
				ALWAYS_EMBED_SWIFT_STANDARD_LIBRARIES = YES;
				CODE_SIGN_STYLE = Automatic;
				CURRENT_PROJECT_VERSION = 1;
				GENERATE_INFOPLIST_FILE = YES;
				MARKETING_VERSION = 1.0;
				PRODUCT_BUNDLE_IDENTIFIER = com.app.CodingChallengeUITests;
				PRODUCT_NAME = "$(TARGET_NAME)";
				SWIFT_EMIT_LOC_STRINGS = NO;
				SWIFT_VERSION = 5.0;
				TARGETED_DEVICE_FAMILY = "1,2";
				TEST_TARGET_NAME = CodingChallenge;
			};
			name = Release;
		};
/* End XCBuildConfiguration section */

/* Begin XCConfigurationList section */
		509ED06A28268A8000C888D2 /* Build configuration list for PBXProject "CodingChallenge" */ = {
			isa = XCConfigurationList;
			buildConfigurations = (
				509ED09728268A8200C888D2 /* Debug */,
				509ED09828268A8200C888D2 /* Release */,
			);
			defaultConfigurationIsVisible = 0;
			defaultConfigurationName = Release;
		};
		509ED09928268A8200C888D2 /* Build configuration list for PBXNativeTarget "CodingChallenge" */ = {
			isa = XCConfigurationList;
			buildConfigurations = (
				509ED09A28268A8200C888D2 /* Debug */,
				509ED09B28268A8200C888D2 /* Release */,
			);
			defaultConfigurationIsVisible = 0;
			defaultConfigurationName = Release;
		};
		509ED09C28268A8200C888D2 /* Build configuration list for PBXNativeTarget "CodingChallengeTests" */ = {
			isa = XCConfigurationList;
			buildConfigurations = (
				509ED09D28268A8200C888D2 /* Debug */,
				509ED09E28268A8200C888D2 /* Release */,
			);
			defaultConfigurationIsVisible = 0;
			defaultConfigurationName = Release;
		};
		509ED09F28268A8200C888D2 /* Build configuration list for PBXNativeTarget "CodingChallengeUITests" */ = {
			isa = XCConfigurationList;
			buildConfigurations = (
				509ED0A028268A8200C888D2 /* Debug */,
				509ED0A128268A8200C888D2 /* Release */,
			);
			defaultConfigurationIsVisible = 0;
			defaultConfigurationName = Release;
		};
/* End XCConfigurationList section */
	};
	rootObject = 509ED06728268A8000C888D2 /* Project object */;
}
